
Microsoft Visual Studio Solution File, Format Version 12.00
# Visual Studio 15
VisualStudioVersion = 15.0.26730.12
MinimumVisualStudioVersion = 10.0.40219.1
Project("{9A19103F-16F7-4668-BE54-9A1E7A4F7556}") = "CodeFrame.Web", "CodeFrame.Web\CodeFrame.Web.csproj", "{1256797F-E298-4246-A950-CFC63829C4DA}"
EndProject
Project("{9A19103F-16F7-4668-BE54-9A1E7A4F7556}") = "CodeFrame.Models", "CodeFrame.Models\CodeFrame.Models.csproj", "{B8807159-E872-479C-9D52-8B4195C20729}"
EndProject
Project("{9A19103F-16F7-4668-BE54-9A1E7A4F7556}") = "CodeFrame.Service", "CodeFrame.Service\CodeFrame.Service.csproj", "{BA70BD83-8D04-4C72-91E1-00EF37F3C705}"
EndProject
Project("{9A19103F-16F7-4668-BE54-9A1E7A4F7556}") = "CodeFrame.Common", "CodeFrame.Common\CodeFrame.Common.csproj", "{C8F4300C-A09C-454D-9D22-56CF18C30619}"
EndProject
Project("{9A19103F-16F7-4668-BE54-9A1E7A4F7556}") = "CodeFrame.UnitOfWork", "CodeFrame.UnitOfWork\CodeFrame.UnitOfWork.csproj", "{14097C94-08DD-4BE1-A0CF-28397399BCFB}"
EndProject
Project("{FAE04EC0-301F-11D3-BF4B-00C04F79EFBC}") = "CodeFrame.Tests", "CodeFrame.Tests\CodeFrame.Tests.csproj", "{B4DF8F03-A9E7-4150-A41F-E6C9A7AF8CDA}"
EndProject
Global
	GlobalSection(SolutionConfigurationPlatforms) = preSolution
		Debug|Any CPU = Debug|Any CPU
		Release|Any CPU = Release|Any CPU
	EndGlobalSection
	GlobalSection(ProjectConfigurationPlatforms) = postSolution
		{1256797F-E298-4246-A950-CFC63829C4DA}.Debug|Any CPU.ActiveCfg = Debug|Any CPU
		{1256797F-E298-4246-A950-CFC63829C4DA}.Debug|Any CPU.Build.0 = Debug|Any CPU
		{1256797F-E298-4246-A950-CFC63829C4DA}.Release|Any CPU.ActiveCfg = Release|Any CPU
		{1256797F-E298-4246-A950-CFC63829C4DA}.Release|Any CPU.Build.0 = Release|Any CPU
		{B8807159-E872-479C-9D52-8B4195C20729}.Debug|Any CPU.ActiveCfg = Debug|Any CPU
		{B8807159-E872-479C-9D52-8B4195C20729}.Debug|Any CPU.Build.0 = Debug|Any CPU
		{B8807159-E872-479C-9D52-8B4195C20729}.Release|Any CPU.ActiveCfg = Release|Any CPU
		{B8807159-E872-479C-9D52-8B4195C20729}.Release|Any CPU.Build.0 = Release|Any CPU
		{BA70BD83-8D04-4C72-91E1-00EF37F3C705}.Debug|Any CPU.ActiveCfg = Debug|Any CPU
		{BA70BD83-8D04-4C72-91E1-00EF37F3C705}.Debug|Any CPU.Build.0 = Debug|Any CPU
		{BA70BD83-8D04-4C72-91E1-00EF37F3C705}.Release|Any CPU.ActiveCfg = Release|Any CPU
		{BA70BD83-8D04-4C72-91E1-00EF37F3C705}.Release|Any CPU.Build.0 = Release|Any CPU
		{C8F4300C-A09C-454D-9D22-56CF18C30619}.Debug|Any CPU.ActiveCfg = Debug|Any CPU
		{C8F4300C-A09C-454D-9D22-56CF18C30619}.Debug|Any CPU.Build.0 = Debug|Any CPU
		{C8F4300C-A09C-454D-9D22-56CF18C30619}.Release|Any CPU.ActiveCfg = Release|Any CPU
		{C8F4300C-A09C-454D-9D22-56CF18C30619}.Release|Any CPU.Build.0 = Release|Any CPU
		{14097C94-08DD-4BE1-A0CF-28397399BCFB}.Debug|Any CPU.ActiveCfg = Debug|Any CPU
		{14097C94-08DD-4BE1-A0CF-28397399BCFB}.Debug|Any CPU.Build.0 = Debug|Any CPU
		{14097C94-08DD-4BE1-A0CF-28397399BCFB}.Release|Any CPU.ActiveCfg = Release|Any CPU
		{14097C94-08DD-4BE1-A0CF-28397399BCFB}.Release|Any CPU.Build.0 = Release|Any CPU
		{B4DF8F03-A9E7-4150-A41F-E6C9A7AF8CDA}.Debug|Any CPU.ActiveCfg = Debug|Any CPU
		{B4DF8F03-A9E7-4150-A41F-E6C9A7AF8CDA}.Debug|Any CPU.Build.0 = Debug|Any CPU
		{B4DF8F03-A9E7-4150-A41F-E6C9A7AF8CDA}.Release|Any CPU.ActiveCfg = Release|Any CPU
		{B4DF8F03-A9E7-4150-A41F-E6C9A7AF8CDA}.Release|Any CPU.Build.0 = Release|Any CPU
	EndGlobalSection
	GlobalSection(SolutionProperties) = preSolution
		HideSolutionNode = FALSE
	EndGlobalSection
	GlobalSection(ExtensibilityGlobals) = postSolution
		SolutionGuid = {8B77B6AD-0B52-44DC-A769-13C26B2160C5}
	EndGlobalSection
EndGlobal
